
Microsoft Visual Studio Solution File, Format Version 12.00
# Visual Studio Version 17
VisualStudioVersion = 17.5.33516.290
MinimumVisualStudioVersion = 10.0.40219.1
Project("{FAE04EC0-301F-11D3-BF4B-00C04F79EFBC}") = "SmartCare.PatientProfileManagement.Api", "SmartCare.PatientProfileManagement.Api\SmartCare.PatientProfileManagement.Api.csproj", "{C9B86BD6-0079-46BA-AC7D-894693DF85E7}"
EndProject
Project("{FAE04EC0-301F-11D3-BF4B-00C04F79EFBC}") = "SmartCare.PatientProfileManagement.Shared", "SmartCare.PatientProfileManagement.Shared\SmartCare.PatientProfileManagement.Shared.csproj", "{9804424A-078D-4731-91AA-C5485F4F7651}"
EndProject
Project("{FAE04EC0-301F-11D3-BF4B-00C04F79EFBC}") = "SmartCare.PatientProfileManagement.Infrastructure", "SmartCare.PatientProfileManagement.Infrastructure\SmartCare.PatientProfileManagement.Infrastructure.csproj", "{C2CEE265-37CC-409B-AE8C-E4149481473F}"
EndProject
Project("{FAE04EC0-301F-11D3-BF4B-00C04F79EFBC}") = "SmartCare.PatientProfileManagement.Application", "SmartCare.PatientProfileManagement.Application\SmartCare.PatientProfileManagement.Application.csproj", "{151C4C99-CCD5-4AA3-8166-DF440D44D985}"
EndProject
Project("{FAE04EC0-301F-11D3-BF4B-00C04F79EFBC}") = "SmartCare.PatientProfileManagement.Domain", "SmartCare.PatientProfileManagement.Domain\SmartCare.PatientProfileManagement.Domain.csproj", "{63CAFAB8-D9B7-4F1B-8505-B7749E036A57}"
EndProject
Global
	GlobalSection(SolutionConfigurationPlatforms) = preSolution
		Debug|Any CPU = Debug|Any CPU
		Release|Any CPU = Release|Any CPU
	EndGlobalSection
	GlobalSection(ProjectConfigurationPlatforms) = postSolution
		{C9B86BD6-0079-46BA-AC7D-894693DF85E7}.Debug|Any CPU.ActiveCfg = Debug|Any CPU
		{C9B86BD6-0079-46BA-AC7D-894693DF85E7}.Debug|Any CPU.Build.0 = Debug|Any CPU
		{C9B86BD6-0079-46BA-AC7D-894693DF85E7}.Release|Any CPU.ActiveCfg = Release|Any CPU
		{C9B86BD6-0079-46BA-AC7D-894693DF85E7}.Release|Any CPU.Build.0 = Release|Any CPU
		{9804424A-078D-4731-91AA-C5485F4F7651}.Debug|Any CPU.ActiveCfg = Debug|Any CPU
		{9804424A-078D-4731-91AA-C5485F4F7651}.Debug|Any CPU.Build.0 = Debug|Any CPU
		{9804424A-078D-4731-91AA-C5485F4F7651}.Release|Any CPU.ActiveCfg = Release|Any CPU
		{9804424A-078D-4731-91AA-C5485F4F7651}.Release|Any CPU.Build.0 = Release|Any CPU
		{C2CEE265-37CC-409B-AE8C-E4149481473F}.Debug|Any CPU.ActiveCfg = Debug|Any CPU
		{C2CEE265-37CC-409B-AE8C-E4149481473F}.Debug|Any CPU.Build.0 = Debug|Any CPU
		{C2CEE265-37CC-409B-AE8C-E4149481473F}.Release|Any CPU.ActiveCfg = Release|Any CPU
		{C2CEE265-37CC-409B-AE8C-E4149481473F}.Release|Any CPU.Build.0 = Release|Any CPU
		{151C4C99-CCD5-4AA3-8166-DF440D44D985}.Debug|Any CPU.ActiveCfg = Debug|Any CPU
		{151C4C99-CCD5-4AA3-8166-DF440D44D985}.Debug|Any CPU.Build.0 = Debug|Any CPU
		{151C4C99-CCD5-4AA3-8166-DF440D44D985}.Release|Any CPU.ActiveCfg = Release|Any CPU
		{151C4C99-CCD5-4AA3-8166-DF440D44D985}.Release|Any CPU.Build.0 = Release|Any CPU
		{63CAFAB8-D9B7-4F1B-8505-B7749E036A57}.Debug|Any CPU.ActiveCfg = Debug|Any CPU
		{63CAFAB8-D9B7-4F1B-8505-B7749E036A57}.Debug|Any CPU.Build.0 = Debug|Any CPU
		{63CAFAB8-D9B7-4F1B-8505-B7749E036A57}.Release|Any CPU.ActiveCfg = Release|Any CPU
		{63CAFAB8-D9B7-4F1B-8505-B7749E036A57}.Release|Any CPU.Build.0 = Release|Any CPU
	EndGlobalSection
	GlobalSection(SolutionProperties) = preSolution
		HideSolutionNode = FALSE
	EndGlobalSection
	GlobalSection(ExtensibilityGlobals) = postSolution
		SolutionGuid = {A5CB9EF0-915C-4D6A-A880-B32AFFF255BA}
	EndGlobalSection
EndGlobal
